
Microsoft Visual Studio Solution File, Format Version 12.00
# Visual Studio Version 17
VisualStudioVersion = 17.0.32112.339
MinimumVisualStudioVersion = 10.0.40219.1
Project("{FAE04EC0-301F-11D3-BF4B-00C04F79EFBC}") = "SchoolAdmin", "SchoolAdmin\SchoolAdmin.csproj", "{05277CEA-9D1A-4E41-806D-B0FF46D4E6CF}"
EndProject
Global
	GlobalSection(SolutionConfigurationPlatforms) = preSolution
		Debug|Any CPU = Debug|Any CPU
		Release|Any CPU = Release|Any CPU
	EndGlobalSection
	GlobalSection(ProjectConfigurationPlatforms) = postSolution
		{05277CEA-9D1A-4E41-806D-B0FF46D4E6CF}.Debug|Any CPU.ActiveCfg = Debug|Any CPU
		{05277CEA-9D1A-4E41-806D-B0FF46D4E6CF}.Debug|Any CPU.Build.0 = Debug|Any CPU
		{05277CEA-9D1A-4E41-806D-B0FF46D4E6CF}.Release|Any CPU.ActiveCfg = Release|Any CPU
		{05277CEA-9D1A-4E41-806D-B0FF46D4E6CF}.Release|Any CPU.Build.0 = Release|Any CPU
	EndGlobalSection
	GlobalSection(SolutionProperties) = preSolution
		HideSolutionNode = FALSE
	EndGlobalSection
	GlobalSection(ExtensibilityGlobals) = postSolution
		SolutionGuid = {87CBEBE6-84CA-469C-8E1A-74F6B7A6FED4}
	EndGlobalSection
EndGlobal
